
Microsoft Visual Studio Solution File, Format Version 12.00
# Visual Studio Version 17
VisualStudioVersion = 17.8.34322.80
MinimumVisualStudioVersion = 10.0.40219.1
Project("{8BC9CEB8-8B4A-11D0-8D11-00A0C91BC942}") = "MoreNasld", "MoreNasld\MoreNasld.vcxproj", "{2529F3D3-783D-4D29-99DE-9AD21F35AD7D}"
EndProject
Global
	GlobalSection(SolutionConfigurationPlatforms) = preSolution
		Debug|x64 = Debug|x64
		Debug|x86 = Debug|x86
		Release|x64 = Release|x64
		Release|x86 = Release|x86
	EndGlobalSection
	GlobalSection(ProjectConfigurationPlatforms) = postSolution
		{2529F3D3-783D-4D29-99DE-9AD21F35AD7D}.Debug|x64.ActiveCfg = Debug|x64
		{2529F3D3-783D-4D29-99DE-9AD21F35AD7D}.Debug|x64.Build.0 = Debug|x64
		{2529F3D3-783D-4D29-99DE-9AD21F35AD7D}.Debug|x86.ActiveCfg = Debug|Win32
		{2529F3D3-783D-4D29-99DE-9AD21F35AD7D}.Debug|x86.Build.0 = Debug|Win32
		{2529F3D3-783D-4D29-99DE-9AD21F35AD7D}.Release|x64.ActiveCfg = Release|x64
		{2529F3D3-783D-4D29-99DE-9AD21F35AD7D}.Release|x64.Build.0 = Release|x64
		{2529F3D3-783D-4D29-99DE-9AD21F35AD7D}.Release|x86.ActiveCfg = Release|Win32
		{2529F3D3-783D-4D29-99DE-9AD21F35AD7D}.Release|x86.Build.0 = Release|Win32
	EndGlobalSection
	GlobalSection(SolutionProperties) = preSolution
		HideSolutionNode = FALSE
	EndGlobalSection
	GlobalSection(ExtensibilityGlobals) = postSolution
		SolutionGuid = {F9FE71EC-0766-4BFF-8E03-CBF465E169E3}
	EndGlobalSection
EndGlobal
